// !$*UTF8*$!
{
	archiveVersion = 1;
	classes = {
	};
	objectVersion = 46;
	objects = {

/* Begin PBXBuildFile section */
		3716DEE51C28027900960871 /* LayerBuilder.m in Sources */ = {isa = PBXBuildFile; fileRef = 3716DEE41C28027900960871 /* LayerBuilder.m */; };
		371E27C51C181634001D1852 /* NSMutableArray+RandomArray.m in Sources */ = {isa = PBXBuildFile; fileRef = 371E27C41C181634001D1852 /* NSMutableArray+RandomArray.m */; };
		373295521C152EB600B7C6AE /* ItemLayerEx.m in Sources */ = {isa = PBXBuildFile; fileRef = 373295511C152EB600B7C6AE /* ItemLayerEx.m */; };
		374B95391C3B5E8700742442 /* Observer.m in Sources */ = {isa = PBXBuildFile; fileRef = 374B95381C3B5E8700742442 /* Observer.m */; };
		37A9AECA1B941E3600259D60 /* info-normal@2x.png in Resources */ = {isa = PBXBuildFile; fileRef = 37A9AEC91B941E3600259D60 /* info-normal@2x.png */; };
		37A9AECE1BA6C2E900259D60 /* again-normal@2x.png in Resources */ = {isa = PBXBuildFile; fileRef = 37A9AECC1BA6C2E900259D60 /* again-normal@2x.png */; };
		37A9AECF1BA6C2E900259D60 /* again-press@2x.png in Resources */ = {isa = PBXBuildFile; fileRef = 37A9AECD1BA6C2E900259D60 /* again-press@2x.png */; };
		37BE649C1BA95650001FD007 /* NSString+VerticalNSString.m in Sources */ = {isa = PBXBuildFile; fileRef = 37BE649B1BA95650001FD007 /* NSString+VerticalNSString.m */; };
		37EA94B71BF9B2C50085844C /* VerticalWriteLabel.m in Sources */ = {isa = PBXBuildFile; fileRef = 37EA94B61BF9B2C50085844C /* VerticalWriteLabel.m */; };
		37EDEF871BF04FE300717E0E /* ItemLayer.m in Sources */ = {isa = PBXBuildFile; fileRef = 37EDEF861BF04FE300717E0E /* ItemLayer.m */; };
		69043E411B652FB400F85506 /* back-normal@2x.png in Resources */ = {isa = PBXBuildFile; fileRef = 69043E3F1B652FB400F85506 /* back-normal@2x.png */; };
		69043E421B652FB400F85506 /* back-press@2x.png in Resources */ = {isa = PBXBuildFile; fileRef = 69043E401B652FB400F85506 /* back-press@2x.png */; };
		6953C94D1B5FF9C800E25D3B /* about_logo.png in Resources */ = {isa = PBXBuildFile; fileRef = 6953C94A1B5FF9C800E25D3B /* about_logo.png */; };
		6953C94E1B5FF9C800E25D3B /* about_separator_line.png in Resources */ = {isa = PBXBuildFile; fileRef = 6953C94B1B5FF9C800E25D3B /* about_separator_line.png */; };
		6953C94F1B5FF9C800E25D3B /* about_studio.png in Resources */ = {isa = PBXBuildFile; fileRef = 6953C94C1B5FF9C800E25D3B /* about_studio.png */; };
		6953C9511B5FF9E100E25D3B /* bg@2x.png in Resources */ = {isa = PBXBuildFile; fileRef = 6953C9501B5FF9E100E25D3B /* bg@2x.png */; };
		E12080221AD64DCD005643AC /* StepsProjectName.m in Sources */ = {isa = PBXBuildFile; fileRef = E12080211AD64DCD005643AC /* StepsProjectName.m */; };
		E12080261AD64EAD005643AC /* StepsItem1.m in Sources */ = {isa = PBXBuildFile; fileRef = E12080251AD64EAD005643AC /* StepsItem1.m */; };
		E12080291AD64F18005643AC /* StepsItem2.m in Sources */ = {isa = PBXBuildFile; fileRef = E12080281AD64F18005643AC /* StepsItem2.m */; };
		E120802C1AD64F3C005643AC /* StepsItem3.m in Sources */ = {isa = PBXBuildFile; fileRef = E120802B1AD64F3C005643AC /* StepsItem3.m */; };
		E120802F1AD7F993005643AC /* CustomPush.m in Sources */ = {isa = PBXBuildFile; fileRef = E120802E1AD7F993005643AC /* CustomPush.m */; };
		E13993481A4971F8008E3B56 /* main.m in Sources */ = {isa = PBXBuildFile; fileRef = E13993471A4971F8008E3B56 /* main.m */; };
		E139934B1A4971F8008E3B56 /* AppDelegate.m in Sources */ = {isa = PBXBuildFile; fileRef = E139934A1A4971F8008E3B56 /* AppDelegate.m */; };
		E13993511A4971F8008E3B56 /* Main.storyboard in Resources */ = {isa = PBXBuildFile; fileRef = E139934F1A4971F8008E3B56 /* Main.storyboard */; };
		E13993531A4971F8008E3B56 /* Images.xcassets in Resources */ = {isa = PBXBuildFile; fileRef = E13993521A4971F8008E3B56 /* Images.xcassets */; };
		E13993561A4971F8008E3B56 /* LaunchScreen.xib in Resources */ = {isa = PBXBuildFile; fileRef = E13993541A4971F8008E3B56 /* LaunchScreen.xib */; };
		E13993621A4971F8008E3B56 /* _16Tests.m in Sources */ = {isa = PBXBuildFile; fileRef = E13993611A4971F8008E3B56 /* _16Tests.m */; };
		E13993781A4985BB008E3B56 /* UITableViewCell_ContainSwitcher.m in Sources */ = {isa = PBXBuildFile; fileRef = E13993771A4985BB008E3B56 /* UITableViewCell_ContainSwitcher.m */; };
		E139937B1A498664008E3B56 /* UITableViewCell_ContainRemover.m in Sources */ = {isa = PBXBuildFile; fileRef = E139937A1A498664008E3B56 /* UITableViewCell_ContainRemover.m */; };
		E139937E1A4986A5008E3B56 /* UITableViewCell_ContainRemover_116Project.m in Sources */ = {isa = PBXBuildFile; fileRef = E139937D1A4986A5008E3B56 /* UITableViewCell_ContainRemover_116Project.m */; };
		E13993811A4986DA008E3B56 /* UITableViewCell_ContainRemover_116Item.m in Sources */ = {isa = PBXBuildFile; fileRef = E13993801A4986DA008E3B56 /* UITableViewCell_ContainRemover_116Item.m */; };
		E13993841A49878D008E3B56 /* Item116.m in Sources */ = {isa = PBXBuildFile; fileRef = E13993831A49878D008E3B56 /* Item116.m */; };
		E13993871A4987E9008E3B56 /* Project116.m in Sources */ = {isa = PBXBuildFile; fileRef = E13993861A4987E9008E3B56 /* Project116.m */; };
		E139938D1A498A33008E3B56 /* DataCenter116.m in Sources */ = {isa = PBXBuildFile; fileRef = E139938C1A498A33008E3B56 /* DataCenter116.m */; };
		E13993D11A4992FD008E3B56 /* ProjectViewerControllerTableViewController.m in Sources */ = {isa = PBXBuildFile; fileRef = E13993D01A4992FD008E3B56 /* ProjectViewerControllerTableViewController.m */; };
		E13993D41A499319008E3B56 /* ItemTableViewController.m in Sources */ = {isa = PBXBuildFile; fileRef = E13993D31A499319008E3B56 /* ItemTableViewController.m */; };
		E13993E81A4997E3008E3B56 /* AboutViewController.m in Sources */ = {isa = PBXBuildFile; fileRef = E13993E71A4997E3008E3B56 /* AboutViewController.m */; };
		E13993EB1A499D4B008E3B56 /* MainViewController.m in Sources */ = {isa = PBXBuildFile; fileRef = E13993EA1A499D4B008E3B56 /* MainViewController.m */; };
		E142627A1ACD063B00BFD16E /* 116TextDrawelement.m in Sources */ = {isa = PBXBuildFile; fileRef = E14262791ACD063B00BFD16E /* 116TextDrawelement.m */; };
		E142627D1ACD076200BFD16E /* 116TextDrawingStep.m in Sources */ = {isa = PBXBuildFile; fileRef = E142627C1ACD076200BFD16E /* 116TextDrawingStep.m */; };
		E14262811ACD135900BFD16E /* Utils116.m in Sources */ = {isa = PBXBuildFile; fileRef = E14262801ACD135900BFD16E /* Utils116.m */; };
		E14262CF1ACD388B00BFD16E /* RenderScene.m in Sources */ = {isa = PBXBuildFile; fileRef = E14262CE1ACD388B00BFD16E /* RenderScene.m */; };
		E17803A91AD4021F003AB190 /* OpenGLES.framework in Frameworks */ = {isa = PBXBuildFile; fileRef = E17803A81AD4021F003AB190 /* OpenGLES.framework */; };
		E193A3F21A4D1388009B964E /* libsqlite3.dylib in Frameworks */ = {isa = PBXBuildFile; fileRef = E193A3F11A4D1388009B964E /* libsqlite3.dylib */; };
		E193A3F51A4D3ECC009B964E /* UITableViewCell_ContainRemover2.m in Sources */ = {isa = PBXBuildFile; fileRef = E193A3F41A4D3ECC009B964E /* UITableViewCell_ContainRemover2.m */; };
		E1A239801ABFDB8A005A038A /* ResultViewController.m in Sources */ = {isa = PBXBuildFile; fileRef = E1A2397F1ABFDB8A005A038A /* ResultViewController.m */; };
		E1A239861ABFEA38005A038A /* RippleModel.m in Sources */ = {isa = PBXBuildFile; fileRef = E1A239851ABFEA38005A038A /* RippleModel.m */; };
		E1A2398E1ABFF5CE005A038A /* Shader.fsh in Resources */ = {isa = PBXBuildFile; fileRef = E1A2398C1ABFF5CE005A038A /* Shader.fsh */; };
		E1A2398F1ABFF5CE005A038A /* Shader.vsh in Resources */ = {isa = PBXBuildFile; fileRef = E1A2398D1ABFF5CE005A038A /* Shader.vsh */; };
		E1E4F3B61B77480B00C1FE7B /* bg@2x.png in Resources */ = {isa = PBXBuildFile; fileRef = E1E4F3AF1B77480B00C1FE7B /* bg@2x.png */; };
		E1E4F3B71B77480B00C1FE7B /* dangqianxiangmu@2x.png in Resources */ = {isa = PBXBuildFile; fileRef = E1E4F3B01B77480B00C1FE7B /* dangqianxiangmu@2x.png */; };
		E1E4F3B81B77480B00C1FE7B /* info-normal@2x.png in Resources */ = {isa = PBXBuildFile; fileRef = E1E4F3B11B77480B00C1FE7B /* info-normal@2x.png */; };
		E1E4F3B91B77480B00C1FE7B /* list-normal@2x.png in Resources */ = {isa = PBXBuildFile; fileRef = E1E4F3B21B77480B00C1FE7B /* list-normal@2x.png */; };
		E1E4F3BA1B77480B00C1FE7B /* start-normal@2x.png in Resources */ = {isa = PBXBuildFile; fileRef = E1E4F3B31B77480B00C1FE7B /* start-normal@2x.png */; };
		E1E4F3BB1B77480B00C1FE7B /* xiangmu@2x.png in Resources */ = {isa = PBXBuildFile; fileRef = E1E4F3B41B77480B00C1FE7B /* xiangmu@2x.png */; };
		E1E4F3BC1B77480B00C1FE7B /* yao-icon@2x.png in Resources */ = {isa = PBXBuildFile; fileRef = E1E4F3B51B77480B00C1FE7B /* yao-icon@2x.png */; };
		E1E4F3BF1B7748C400C1FE7B /* SMPageControl.m in Sources */ = {isa = PBXBuildFile; fileRef = E1E4F3BE1B7748C400C1FE7B /* SMPageControl.m */; };
		E1E4F3C21B774F1700C1FE7B /* MainProjectView.m in Sources */ = {isa = PBXBuildFile; fileRef = E1E4F3C11B774F1700C1FE7B /* MainProjectView.m */; };
		E1E4F3C51B77537A00C1FE7B /* liukai.ttf in Resources */ = {isa = PBXBuildFile; fileRef = E1E4F3C31B77537A00C1FE7B /* liukai.ttf */; };
		E1E4F3C61B77537A00C1FE7B /* fangsong.ttf in Resources */ = {isa = PBXBuildFile; fileRef = E1E4F3C41B77537A00C1FE7B /* fangsong.ttf */; };
		E1E4F3C71B77539700C1FE7B /* liukai.ttf in Sources */ = {isa = PBXBuildFile; fileRef = E1E4F3C31B77537A00C1FE7B /* liukai.ttf */; };
		E1E4F3C81B77539700C1FE7B /* fangsong.ttf in Sources */ = {isa = PBXBuildFile; fileRef = E1E4F3C41B77537A00C1FE7B /* fangsong.ttf */; };
		E1E4F3CB1B77A60C00C1FE7B /* UINavigationBar+customBar.m in Sources */ = {isa = PBXBuildFile; fileRef = E1E4F3CA1B77A60C00C1FE7B /* UINavigationBar+customBar.m */; };
		E1E4F3CD1B78619500C1FE7B /* back-normal@2x.png in Resources */ = {isa = PBXBuildFile; fileRef = E1E4F3CC1B78619500C1FE7B /* back-normal@2x.png */; };
		E1E4F3CF1B83236D00C1FE7B /* delete-normal@2x.png in Resources */ = {isa = PBXBuildFile; fileRef = E1E4F3CE1B83236D00C1FE7B /* delete-normal@2x.png */; };
		E1E4F3D21B832A9F00C1FE7B /* UITableViewCell_AddItemCell.m in Sources */ = {isa = PBXBuildFile; fileRef = E1E4F3D11B832A9F00C1FE7B /* UITableViewCell_AddItemCell.m */; };
/* End PBXBuildFile section */

/* Begin PBXContainerItemProxy section */
		E139935C1A4971F8008E3B56 /* PBXContainerItemProxy */ = {
			isa = PBXContainerItemProxy;
			containerPortal = E139933A1A4971F8008E3B56 /* Project object */;
			proxyType = 1;
			remoteGlobalIDString = E13993411A4971F8008E3B56;
			remoteInfo = 116;
		};
/* End PBXContainerItemProxy section */

/* Begin PBXFileReference section */
		3716DEE31C28026000960871 /* LayerBuilder.h */ = {isa = PBXFileReference; fileEncoding = 4; lastKnownFileType = sourcecode.c.h; name = LayerBuilder.h; path = LayerBuilder/LayerBuilder.h; sourceTree = "<group>"; };
		3716DEE41C28027900960871 /* LayerBuilder.m */ = {isa = PBXFileReference; fileEncoding = 4; lastKnownFileType = sourcecode.c.objc; name = LayerBuilder.m; path = LayerBuilder/LayerBuilder.m; sourceTree = "<group>"; };
		371E27C31C181634001D1852 /* NSMutableArray+RandomArray.h */ = {isa = PBXFileReference; fileEncoding = 4; lastKnownFileType = sourcecode.c.h; path = "NSMutableArray+RandomArray.h"; sourceTree = "<group>"; };
		371E27C41C181634001D1852 /* NSMutableArray+RandomArray.m */ = {isa = PBXFileReference; fileEncoding = 4; lastKnownFileType = sourcecode.c.objc; path = "NSMutableArray+RandomArray.m"; sourceTree = "<group>"; };
		373295501C152E7D00B7C6AE /* ItemLayerEx.h */ = {isa = PBXFileReference; lastKnownFileType = sourcecode.c.h; name = ItemLayerEx.h; path = CALayer/ItemLayerEx.h; sourceTree = "<group>"; };
		373295511C152EB600B7C6AE /* ItemLayerEx.m */ = {isa = PBXFileReference; fileEncoding = 4; lastKnownFileType = sourcecode.c.objc; name = ItemLayerEx.m; path = CALayer/ItemLayerEx.m; sourceTree = "<group>"; };
		374B95361C3A8D4600742442 /* EventDefine.h */ = {isa = PBXFileReference; fileEncoding = 4; lastKnownFileType = sourcecode.c.h; path = EventDefine.h; sourceTree = "<group>"; };
		374B95371C3B5E8700742442 /* Observer.h */ = {isa = PBXFileReference; fileEncoding = 4; lastKnownFileType = sourcecode.c.h; path = Observer.h; sourceTree = "<group>"; };
		374B95381C3B5E8700742442 /* Observer.m */ = {isa = PBXFileReference; fileEncoding = 4; lastKnownFileType = sourcecode.c.objc; path = Observer.m; sourceTree = "<group>"; };
		37A9AEC91B941E3600259D60 /* info-normal@2x.png */ = {isa = PBXFileReference; lastKnownFileType = image.png; name = "info-normal@2x.png"; path = "Resource/Image/main/info-normal@2x.png"; sourceTree = "<group>"; };
		37A9AECC1BA6C2E900259D60 /* again-normal@2x.png */ = {isa = PBXFileReference; lastKnownFileType = image.png; name = "again-normal@2x.png"; path = "Resource/Image/Result/again-normal@2x.png"; sourceTree = "<group>"; };
		37A9AECD1BA6C2E900259D60 /* again-press@2x.png */ = {isa = PBXFileReference; lastKnownFileType = image.png; name = "again-press@2x.png"; path = "Resource/Image/Result/again-press@2x.png"; sourceTree = "<group>"; };
		37BE649A1BA95650001FD007 /* NSString+VerticalNSString.h */ = {isa = PBXFileReference; fileEncoding = 4; lastKnownFileType = sourcecode.c.h; path = "NSString+VerticalNSString.h"; sourceTree = "<group>"; };
		37BE649B1BA95650001FD007 /* NSString+VerticalNSString.m */ = {isa = PBXFileReference; fileEncoding = 4; lastKnownFileType = sourcecode.c.objc; path = "NSString+VerticalNSString.m"; sourceTree = "<group>"; };
		37EA94B51BF9B2B50085844C /* VerticalWriteLabel.h */ = {isa = PBXFileReference; fileEncoding = 4; lastKnownFileType = sourcecode.c.h; name = VerticalWriteLabel.h; path = 116/VerticalWriteLabel.h; sourceTree = "<group>"; };
		37EA94B61BF9B2C50085844C /* VerticalWriteLabel.m */ = {isa = PBXFileReference; fileEncoding = 4; lastKnownFileType = sourcecode.c.objc; path = VerticalWriteLabel.m; sourceTree = "<group>"; };
		37EDEF851BF04FC700717E0E /* ItemLayer.h */ = {isa = PBXFileReference; fileEncoding = 4; lastKnownFileType = sourcecode.c.h; name = ItemLayer.h; path = CALayer/ItemLayer.h; sourceTree = "<group>"; };
		37EDEF861BF04FE300717E0E /* ItemLayer.m */ = {isa = PBXFileReference; fileEncoding = 4; lastKnownFileType = sourcecode.c.objc; name = ItemLayer.m; path = CALayer/ItemLayer.m; sourceTree = "<group>"; };
		69043E3F1B652FB400F85506 /* back-normal@2x.png */ = {isa = PBXFileReference; lastKnownFileType = image.png; name = "back-normal@2x.png"; path = "Resource/Image/main/back-normal@2x.png"; sourceTree = "<group>"; };
		69043E401B652FB400F85506 /* back-press@2x.png */ = {isa = PBXFileReference; lastKnownFileType = image.png; name = "back-press@2x.png"; path = "Resource/Image/main/back-press@2x.png"; sourceTree = "<group>"; };
		6953C94A1B5FF9C800E25D3B /* about_logo.png */ = {isa = PBXFileReference; lastKnownFileType = image.png; name = about_logo.png; path = Resource/Image/about/about_logo.png; sourceTree = "<group>"; };
		6953C94B1B5FF9C800E25D3B /* about_separator_line.png */ = {isa = PBXFileReference; lastKnownFileType = image.png; name = about_separator_line.png; path = Resource/Image/about/about_separator_line.png; sourceTree = "<group>"; };
		6953C94C1B5FF9C800E25D3B /* about_studio.png */ = {isa = PBXFileReference; lastKnownFileType = image.png; name = about_studio.png; path = Resource/Image/about/about_studio.png; sourceTree = "<group>"; };
		6953C9501B5FF9E100E25D3B /* bg@2x.png */ = {isa = PBXFileReference; lastKnownFileType = image.png; name = "bg@2x.png"; path = "Resource/Image/main/bg@2x.png"; sourceTree = "<group>"; };
		69BB19B41B5B8C990030C722 /* 仿宋_GB2312.ttf */ = {isa = PBXFileReference; lastKnownFileType = file; name = "仿宋_GB2312.ttf"; path = "Resource/Font/仿宋_GB2312.ttf"; sourceTree = "<group>"; };
		69BB19B81B5B8CBA0030C722 /* fzsxslkjw--gb1-0.ttf */ = {isa = PBXFileReference; lastKnownFileType = file; name = "fzsxslkjw--gb1-0.ttf"; path = "Resource/Font/fzsxslkjw--gb1-0.ttf"; sourceTree = "<group>"; };
		E12080201AD64DCD005643AC /* StepsProjectName.h */ = {isa = PBXFileReference; fileEncoding = 4; lastKnownFileType = sourcecode.c.h; path = StepsProjectName.h; sourceTree = "<group>"; };
		E12080211AD64DCD005643AC /* StepsProjectName.m */ = {isa = PBXFileReference; fileEncoding = 4; lastKnownFileType = sourcecode.c.objc; path = StepsProjectName.m; sourceTree = "<group>"; };
		E12080241AD64EAD005643AC /* StepsItem1.h */ = {isa = PBXFileReference; fileEncoding = 4; lastKnownFileType = sourcecode.c.h; path = StepsItem1.h; sourceTree = "<group>"; };
		E12080251AD64EAD005643AC /* StepsItem1.m */ = {isa = PBXFileReference; fileEncoding = 4; lastKnownFileType = sourcecode.c.objc; path = StepsItem1.m; sourceTree = "<group>"; };
		E12080271AD64F18005643AC /* StepsItem2.h */ = {isa = PBXFileReference; fileEncoding = 4; lastKnownFileType = sourcecode.c.h; path = StepsItem2.h; sourceTree = "<group>"; };
		E12080281AD64F18005643AC /* StepsItem2.m */ = {isa = PBXFileReference; fileEncoding = 4; lastKnownFileType = sourcecode.c.objc; path = StepsItem2.m; sourceTree = "<group>"; };
		E120802A1AD64F3C005643AC /* StepsItem3.h */ = {isa = PBXFileReference; fileEncoding = 4; lastKnownFileType = sourcecode.c.h; path = StepsItem3.h; sourceTree = "<group>"; };
		E120802B1AD64F3C005643AC /* StepsItem3.m */ = {isa = PBXFileReference; fileEncoding = 4; lastKnownFileType = sourcecode.c.objc; path = StepsItem3.m; sourceTree = "<group>"; };
		E120802D1AD7F993005643AC /* CustomPush.h */ = {isa = PBXFileReference; fileEncoding = 4; lastKnownFileType = sourcecode.c.h; path = CustomPush.h; sourceTree = "<group>"; };
		E120802E1AD7F993005643AC /* CustomPush.m */ = {isa = PBXFileReference; fileEncoding = 4; lastKnownFileType = sourcecode.c.objc; path = CustomPush.m; sourceTree = "<group>"; };
		E13993421A4971F8008E3B56 /* 116.app */ = {isa = PBXFileReference; explicitFileType = wrapper.application; includeInIndex = 0; path = 116.app; sourceTree = BUILT_PRODUCTS_DIR; };
		E13993461A4971F8008E3B56 /* Info.plist */ = {isa = PBXFileReference; lastKnownFileType = text.plist.xml; path = Info.plist; sourceTree = "<group>"; };
		E13993471A4971F8008E3B56 /* main.m */ = {isa = PBXFileReference; lastKnownFileType = sourcecode.c.objc; path = main.m; sourceTree = "<group>"; };
		E13993491A4971F8008E3B56 /* AppDelegate.h */ = {isa = PBXFileReference; lastKnownFileType = sourcecode.c.h; path = AppDelegate.h; sourceTree = "<group>"; };
		E139934A1A4971F8008E3B56 /* AppDelegate.m */ = {isa = PBXFileReference; lastKnownFileType = sourcecode.c.objc; path = AppDelegate.m; sourceTree = "<group>"; };
		E13993501A4971F8008E3B56 /* Base */ = {isa = PBXFileReference; lastKnownFileType = file.storyboard; name = Base; path = Base.lproj/Main.storyboard; sourceTree = "<group>"; };
		E13993521A4971F8008E3B56 /* Images.xcassets */ = {isa = PBXFileReference; lastKnownFileType = folder.assetcatalog; path = Images.xcassets; sourceTree = "<group>"; };
		E13993551A4971F8008E3B56 /* Base */ = {isa = PBXFileReference; lastKnownFileType = file.xib; name = Base; path = Base.lproj/LaunchScreen.xib; sourceTree = "<group>"; };
		E139935B1A4971F8008E3B56 /* 116Tests.xctest */ = {isa = PBXFileReference; explicitFileType = wrapper.cfbundle; includeInIndex = 0; path = 116Tests.xctest; sourceTree = BUILT_PRODUCTS_DIR; };
		E13993601A4971F8008E3B56 /* Info.plist */ = {isa = PBXFileReference; lastKnownFileType = text.plist.xml; path = Info.plist; sourceTree = "<group>"; };
		E13993611A4971F8008E3B56 /* _16Tests.m */ = {isa = PBXFileReference; lastKnownFileType = sourcecode.c.objc; path = _16Tests.m; sourceTree = "<group>"; };
		E13993761A4985BB008E3B56 /* UITableViewCell_ContainSwitcher.h */ = {isa = PBXFileReference; fileEncoding = 4; lastKnownFileType = sourcecode.c.h; path = UITableViewCell_ContainSwitcher.h; sourceTree = "<group>"; };
		E13993771A4985BB008E3B56 /* UITableViewCell_ContainSwitcher.m */ = {isa = PBXFileReference; fileEncoding = 4; lastKnownFileType = sourcecode.c.objc; path = UITableViewCell_ContainSwitcher.m; sourceTree = "<group>"; };
		E13993791A498664008E3B56 /* UITableViewCell_ContainRemover.h */ = {isa = PBXFileReference; fileEncoding = 4; lastKnownFileType = sourcecode.c.h; path = UITableViewCell_ContainRemover.h; sourceTree = "<group>"; };
		E139937A1A498664008E3B56 /* UITableViewCell_ContainRemover.m */ = {isa = PBXFileReference; fileEncoding = 4; lastKnownFileType = sourcecode.c.objc; path = UITableViewCell_ContainRemover.m; sourceTree = "<group>"; };
		E139937C1A4986A5008E3B56 /* UITableViewCell_ContainRemover_116Project.h */ = {isa = PBXFileReference; fileEncoding = 4; lastKnownFileType = sourcecode.c.h; path = UITableViewCell_ContainRemover_116Project.h; sourceTree = "<group>"; };
		E139937D1A4986A5008E3B56 /* UITableViewCell_ContainRemover_116Project.m */ = {isa = PBXFileReference; fileEncoding = 4; lastKnownFileType = sourcecode.c.objc; path = UITableViewCell_ContainRemover_116Project.m; sourceTree = "<group>"; };
		E139937F1A4986DA008E3B56 /* UITableViewCell_ContainRemover_116Item.h */ = {isa = PBXFileReference; fileEncoding = 4; lastKnownFileType = sourcecode.c.h; path = UITableViewCell_ContainRemover_116Item.h; sourceTree = "<group>"; };
		E13993801A4986DA008E3B56 /* UITableViewCell_ContainRemover_116Item.m */ = {isa = PBXFileReference; fileEncoding = 4; lastKnownFileType = sourcecode.c.objc; path = UITableViewCell_ContainRemover_116Item.m; sourceTree = "<group>"; };
		E13993821A49878D008E3B56 /* Item116.h */ = {isa = PBXFileReference; fileEncoding = 4; lastKnownFileType = sourcecode.c.h; path = Item116.h; sourceTree = "<group>"; };
		E13993831A49878D008E3B56 /* Item116.m */ = {isa = PBXFileReference; fileEncoding = 4; lastKnownFileType = sourcecode.c.objc; path = Item116.m; sourceTree = "<group>"; };
		E13993851A4987E9008E3B56 /* Project116.h */ = {isa = PBXFileReference; fileEncoding = 4; lastKnownFileType = sourcecode.c.h; path = Project116.h; sourceTree = "<group>"; };
		E13993861A4987E9008E3B56 /* Project116.m */ = {isa = PBXFileReference; fileEncoding = 4; lastKnownFileType = sourcecode.c.objc; path = Project116.m; sourceTree = "<group>"; };
		E139938B1A498A33008E3B56 /* DataCenter116.h */ = {isa = PBXFileReference; fileEncoding = 4; lastKnownFileType = sourcecode.c.h; path = DataCenter116.h; sourceTree = "<group>"; };
		E139938C1A498A33008E3B56 /* DataCenter116.m */ = {isa = PBXFileReference; fileEncoding = 4; lastKnownFileType = sourcecode.c.objc; path = DataCenter116.m; sourceTree = "<group>"; };
		E13993CF1A4992FD008E3B56 /* ProjectViewerControllerTableViewController.h */ = {isa = PBXFileReference; fileEncoding = 4; lastKnownFileType = sourcecode.c.h; path = ProjectViewerControllerTableViewController.h; sourceTree = "<group>"; };
		E13993D01A4992FD008E3B56 /* ProjectViewerControllerTableViewController.m */ = {isa = PBXFileReference; fileEncoding = 4; lastKnownFileType = sourcecode.c.objc; path = ProjectViewerControllerTableViewController.m; sourceTree = "<group>"; };
		E13993D21A499319008E3B56 /* ItemTableViewController.h */ = {isa = PBXFileReference; fileEncoding = 4; lastKnownFileType = sourcecode.c.h; path = ItemTableViewController.h; sourceTree = "<group>"; };
		E13993D31A499319008E3B56 /* ItemTableViewController.m */ = {isa = PBXFileReference; fileEncoding = 4; lastKnownFileType = sourcecode.c.objc; path = ItemTableViewController.m; sourceTree = "<group>"; };
		E13993E61A4997E3008E3B56 /* AboutViewController.h */ = {isa = PBXFileReference; fileEncoding = 4; lastKnownFileType = sourcecode.c.h; path = AboutViewController.h; sourceTree = "<group>"; };
		E13993E71A4997E3008E3B56 /* AboutViewController.m */ = {isa = PBXFileReference; fileEncoding = 4; lastKnownFileType = sourcecode.c.objc; path = AboutViewController.m; sourceTree = "<group>"; };
		E13993E91A499D4B008E3B56 /* MainViewController.h */ = {isa = PBXFileReference; fileEncoding = 4; lastKnownFileType = sourcecode.c.h; name = MainViewController.h; path = ../MainViewController.h; sourceTree = "<group>"; };
		E13993EA1A499D4B008E3B56 /* MainViewController.m */ = {isa = PBXFileReference; fileEncoding = 4; lastKnownFileType = sourcecode.c.objc; name = MainViewController.m; path = ../MainViewController.m; sourceTree = "<group>"; };
		E14262781ACD063B00BFD16E /* 116TextDrawelement.h */ = {isa = PBXFileReference; fileEncoding = 4; lastKnownFileType = sourcecode.c.h; path = 116TextDrawelement.h; sourceTree = "<group>"; };
		E14262791ACD063B00BFD16E /* 116TextDrawelement.m */ = {isa = PBXFileReference; fileEncoding = 4; lastKnownFileType = sourcecode.c.objc; path = 116TextDrawelement.m; sourceTree = "<group>"; };
		E142627B1ACD076200BFD16E /* 116TextDrawingStep.h */ = {isa = PBXFileReference; fileEncoding = 4; lastKnownFileType = sourcecode.c.h; path = 116TextDrawingStep.h; sourceTree = "<group>"; };
		E142627C1ACD076200BFD16E /* 116TextDrawingStep.m */ = {isa = PBXFileReference; fileEncoding = 4; lastKnownFileType = sourcecode.c.objc; path = 116TextDrawingStep.m; sourceTree = "<group>"; };
		E142627F1ACD135900BFD16E /* Utils116.h */ = {isa = PBXFileReference; fileEncoding = 4; lastKnownFileType = sourcecode.c.h; path = Utils116.h; sourceTree = "<group>"; };
		E14262801ACD135900BFD16E /* Utils116.m */ = {isa = PBXFileReference; fileEncoding = 4; lastKnownFileType = sourcecode.c.objc; path = Utils116.m; sourceTree = "<group>"; };
		E14262CD1ACD388B00BFD16E /* RenderScene.h */ = {isa = PBXFileReference; fileEncoding = 4; lastKnownFileType = sourcecode.c.h; path = RenderScene.h; sourceTree = "<group>"; };
		E14262CE1ACD388B00BFD16E /* RenderScene.m */ = {isa = PBXFileReference; fileEncoding = 4; lastKnownFileType = sourcecode.c.objc; path = RenderScene.m; sourceTree = "<group>"; };
		E17803A81AD4021F003AB190 /* OpenGLES.framework */ = {isa = PBXFileReference; lastKnownFileType = wrapper.framework; name = OpenGLES.framework; path = System/Library/Frameworks/OpenGLES.framework; sourceTree = SDKROOT; };
		E193A3F11A4D1388009B964E /* libsqlite3.dylib */ = {isa = PBXFileReference; lastKnownFileType = "compiled.mach-o.dylib"; name = libsqlite3.dylib; path = usr/lib/libsqlite3.dylib; sourceTree = SDKROOT; };
		E193A3F31A4D3ECC009B964E /* UITableViewCell_ContainRemover2.h */ = {isa = PBXFileReference; fileEncoding = 4; lastKnownFileType = sourcecode.c.h; path = UITableViewCell_ContainRemover2.h; sourceTree = "<group>"; };
		E193A3F41A4D3ECC009B964E /* UITableViewCell_ContainRemover2.m */ = {isa = PBXFileReference; fileEncoding = 4; lastKnownFileType = sourcecode.c.objc; path = UITableViewCell_ContainRemover2.m; sourceTree = "<group>"; };
		E1A2397E1ABFDB8A005A038A /* ResultViewController.h */ = {isa = PBXFileReference; fileEncoding = 4; lastKnownFileType = sourcecode.c.h; path = ResultViewController.h; sourceTree = "<group>"; };
		E1A2397F1ABFDB8A005A038A /* ResultViewController.m */ = {isa = PBXFileReference; fileEncoding = 4; lastKnownFileType = sourcecode.c.objc; path = ResultViewController.m; sourceTree = "<group>"; };
		E1A239841ABFEA38005A038A /* RippleModel.h */ = {isa = PBXFileReference; fileEncoding = 4; lastKnownFileType = sourcecode.c.h; path = RippleModel.h; sourceTree = "<group>"; };
		E1A239851ABFEA38005A038A /* RippleModel.m */ = {isa = PBXFileReference; fileEncoding = 4; lastKnownFileType = sourcecode.c.objc; path = RippleModel.m; sourceTree = "<group>"; };
		E1A2398C1ABFF5CE005A038A /* Shader.fsh */ = {isa = PBXFileReference; fileEncoding = 4; lastKnownFileType = sourcecode.glsl; path = Shader.fsh; sourceTree = "<group>"; };
		E1A2398D1ABFF5CE005A038A /* Shader.vsh */ = {isa = PBXFileReference; fileEncoding = 4; lastKnownFileType = sourcecode.glsl; path = Shader.vsh; sourceTree = "<group>"; };
		E1E4F3AF1B77480B00C1FE7B /* bg@2x.png */ = {isa = PBXFileReference; lastKnownFileType = image.png; path = "bg@2x.png"; sourceTree = "<group>"; };
		E1E4F3B01B77480B00C1FE7B /* dangqianxiangmu@2x.png */ = {isa = PBXFileReference; lastKnownFileType = image.png; path = "dangqianxiangmu@2x.png"; sourceTree = "<group>"; };
		E1E4F3B11B77480B00C1FE7B /* info-normal@2x.png */ = {isa = PBXFileReference; lastKnownFileType = image.png; path = "info-normal@2x.png"; sourceTree = "<group>"; };
		E1E4F3B21B77480B00C1FE7B /* list-normal@2x.png */ = {isa = PBXFileReference; lastKnownFileType = image.png; path = "list-normal@2x.png"; sourceTree = "<group>"; };
		E1E4F3B31B77480B00C1FE7B /* start-normal@2x.png */ = {isa = PBXFileReference; lastKnownFileType = image.png; path = "start-normal@2x.png"; sourceTree = "<group>"; };
		E1E4F3B41B77480B00C1FE7B /* xiangmu@2x.png */ = {isa = PBXFileReference; lastKnownFileType = image.png; path = "xiangmu@2x.png"; sourceTree = "<group>"; };
		E1E4F3B51B77480B00C1FE7B /* yao-icon@2x.png */ = {isa = PBXFileReference; lastKnownFileType = image.png; path = "yao-icon@2x.png"; sourceTree = "<group>"; };
		E1E4F3BD1B7748C400C1FE7B /* SMPageControl.h */ = {isa = PBXFileReference; fileEncoding = 4; lastKnownFileType = sourcecode.c.h; path = SMPageControl.h; sourceTree = "<group>"; };
		E1E4F3BE1B7748C400C1FE7B /* SMPageControl.m */ = {isa = PBXFileReference; fileEncoding = 4; lastKnownFileType = sourcecode.c.objc; path = SMPageControl.m; sourceTree = "<group>"; };
		E1E4F3C01B774F1700C1FE7B /* MainProjectView.h */ = {isa = PBXFileReference; fileEncoding = 4; lastKnownFileType = sourcecode.c.h; path = MainProjectView.h; sourceTree = "<group>"; };
		E1E4F3C11B774F1700C1FE7B /* MainProjectView.m */ = {isa = PBXFileReference; fileEncoding = 4; lastKnownFileType = sourcecode.c.objc; path = MainProjectView.m; sourceTree = "<group>"; };
		E1E4F3C31B77537A00C1FE7B /* liukai.ttf */ = {isa = PBXFileReference; lastKnownFileType = file; path = liukai.ttf; sourceTree = "<group>"; };
		E1E4F3C41B77537A00C1FE7B /* fangsong.ttf */ = {isa = PBXFileReference; lastKnownFileType = file; path = fangsong.ttf; sourceTree = "<group>"; };
		E1E4F3C91B77A60C00C1FE7B /* UINavigationBar+customBar.h */ = {isa = PBXFileReference; fileEncoding = 4; lastKnownFileType = sourcecode.c.h; path = "UINavigationBar+customBar.h"; sourceTree = "<group>"; };
		E1E4F3CA1B77A60C00C1FE7B /* UINavigationBar+customBar.m */ = {isa = PBXFileReference; fileEncoding = 4; lastKnownFileType = sourcecode.c.objc; path = "UINavigationBar+customBar.m"; sourceTree = "<group>"; };
		E1E4F3CC1B78619500C1FE7B /* back-normal@2x.png */ = {isa = PBXFileReference; lastKnownFileType = image.png; path = "back-normal@2x.png"; sourceTree = "<group>"; };
		E1E4F3CE1B83236D00C1FE7B /* delete-normal@2x.png */ = {isa = PBXFileReference; lastKnownFileType = image.png; path = "delete-normal@2x.png"; sourceTree = "<group>"; };
		E1E4F3D01B832A9F00C1FE7B /* UITableViewCell_AddItemCell.h */ = {isa = PBXFileReference; fileEncoding = 4; lastKnownFileType = sourcecode.c.h; path = UITableViewCell_AddItemCell.h; sourceTree = "<group>"; };
		E1E4F3D11B832A9F00C1FE7B /* UITableViewCell_AddItemCell.m */ = {isa = PBXFileReference; fileEncoding = 4; lastKnownFileType = sourcecode.c.objc; path = UITableViewCell_AddItemCell.m; sourceTree = "<group>"; };
/* End PBXFileReference section */

/* Begin PBXFrameworksBuildPhase section */
		E139933F1A4971F8008E3B56 /* Frameworks */ = {
			isa = PBXFrameworksBuildPhase;
			buildActionMask = 2147483647;
			files = (
				E17803A91AD4021F003AB190 /* OpenGLES.framework in Frameworks */,
				E193A3F21A4D1388009B964E /* libsqlite3.dylib in Frameworks */,
			);
			runOnlyForDeploymentPostprocessing = 0;
		};
		E13993581A4971F8008E3B56 /* Frameworks */ = {
			isa = PBXFrameworksBuildPhase;
			buildActionMask = 2147483647;
			files = (
			);
			runOnlyForDeploymentPostprocessing = 0;
		};
/* End PBXFrameworksBuildPhase section */

/* Begin PBXGroup section */
		3716DEE21C2801EA00960871 /* LayerBuilder */ = {
			isa = PBXGroup;
			children = (
				3716DEE31C28026000960871 /* LayerBuilder.h */,
				3716DEE41C28027900960871 /* LayerBuilder.m */,
			);
			name = LayerBuilder;
			sourceTree = "<group>";
		};
		37A9AECB1BA6C27E00259D60 /* Result */ = {
			isa = PBXGroup;
			children = (
				37A9AECC1BA6C2E900259D60 /* again-normal@2x.png */,
				37A9AECD1BA6C2E900259D60 /* again-press@2x.png */,
			);
			name = Result;
			sourceTree = "<group>";
		};
		37BE64951BA950F1001FD007 /* Utils */ = {
			isa = PBXGroup;
			children = (
				371E27C31C181634001D1852 /* NSMutableArray+RandomArray.h */,
				371E27C41C181634001D1852 /* NSMutableArray+RandomArray.m */,
				37BE649A1BA95650001FD007 /* NSString+VerticalNSString.h */,
				37BE649B1BA95650001FD007 /* NSString+VerticalNSString.m */,
			);
			name = Utils;
			sourceTree = "<group>";
		};
		37EDEF841BF04F5B00717E0E /* CALayer */ = {
			isa = PBXGroup;
			children = (
				37EDEF851BF04FC700717E0E /* ItemLayer.h */,
				37EDEF861BF04FE300717E0E /* ItemLayer.m */,
				373295501C152E7D00B7C6AE /* ItemLayerEx.h */,
				373295511C152EB600B7C6AE /* ItemLayerEx.m */,
			);
			name = CALayer;
			sourceTree = "<group>";
		};
		6953C9481B5FF9AF00E25D3B /* about */ = {
			isa = PBXGroup;
			children = (
				6953C94A1B5FF9C800E25D3B /* about_logo.png */,
				6953C94B1B5FF9C800E25D3B /* about_separator_line.png */,
				6953C94C1B5FF9C800E25D3B /* about_studio.png */,
			);
			name = about;
			sourceTree = "<group>";
		};
		6953C9491B5FF9B600E25D3B /* main */ = {
			isa = PBXGroup;
			children = (
				37A9AEC91B941E3600259D60 /* info-normal@2x.png */,
				69043E3F1B652FB400F85506 /* back-normal@2x.png */,
				69043E401B652FB400F85506 /* back-press@2x.png */,
				6953C9501B5FF9E100E25D3B /* bg@2x.png */,
			);
			name = main;
			sourceTree = "<group>";
		};
		69BB19AC1B5B3AE60030C722 /* Font */ = {
			isa = PBXGroup;
			children = (
				69BB19B81B5B8CBA0030C722 /* fzsxslkjw--gb1-0.ttf */,
				69BB19B41B5B8C990030C722 /* 仿宋_GB2312.ttf */,
			);
			name = Font;
			sourceTree = "<group>";
		};
		69BCE6571B5A61F80072FB68 /* Resource */ = {
			isa = PBXGroup;
			children = (
				69BB19AC1B5B3AE60030C722 /* Font */,
				69BCE6581B5A61FF0072FB68 /* Image */,
			);
			name = Resource;
			sourceTree = "<group>";
		};
		69BCE6581B5A61FF0072FB68 /* Image */ = {
			isa = PBXGroup;
			children = (
				37A9AECB1BA6C27E00259D60 /* Result */,
				6953C9491B5FF9B600E25D3B /* main */,
				6953C9481B5FF9AF00E25D3B /* about */,
			);
			name = Image;
			sourceTree = "<group>";
		};
		E12080231AD64DD4005643AC /* Steps */ = {
			isa = PBXGroup;
			children = (
				E12080201AD64DCD005643AC /* StepsProjectName.h */,
				E12080211AD64DCD005643AC /* StepsProjectName.m */,
				E12080241AD64EAD005643AC /* StepsItem1.h */,
				E12080251AD64EAD005643AC /* StepsItem1.m */,
				E12080271AD64F18005643AC /* StepsItem2.h */,
				E12080281AD64F18005643AC /* StepsItem2.m */,
				E120802A1AD64F3C005643AC /* StepsItem3.h */,
				E120802B1AD64F3C005643AC /* StepsItem3.m */,
			);
			name = Steps;
			sourceTree = "<group>";
		};
		E13993391A4971F8008E3B56 = {
			isa = PBXGroup;
			children = (
				37EA94B51BF9B2B50085844C /* VerticalWriteLabel.h */,
				37EA94B61BF9B2C50085844C /* VerticalWriteLabel.m */,
				E17803A81AD4021F003AB190 /* OpenGLES.framework */,
				E193A3F11A4D1388009B964E /* libsqlite3.dylib */,
				E13993441A4971F8008E3B56 /* 116 */,
				E139935E1A4971F8008E3B56 /* 116Tests */,
				E13993431A4971F8008E3B56 /* Products */,
			);
			sourceTree = "<group>";
		};
		E13993431A4971F8008E3B56 /* Products */ = {
			isa = PBXGroup;
			children = (
				E13993421A4971F8008E3B56 /* 116.app */,
				E139935B1A4971F8008E3B56 /* 116Tests.xctest */,
			);
			name = Products;
			sourceTree = "<group>";
		};
		E13993441A4971F8008E3B56 /* 116 */ = {
			isa = PBXGroup;
			children = (
				3716DEE21C2801EA00960871 /* LayerBuilder */,
				37EDEF841BF04F5B00717E0E /* CALayer */,
				37BE64951BA950F1001FD007 /* Utils */,
				69BCE6571B5A61F80072FB68 /* Resource */,
				E14262821ACD378300BFD16E /* Scene */,
				E142627E1ACD133800BFD16E /* Utils */,
				E13993751A498435008E3B56 /* CustomControls */,
				E139936E1A4974EF008E3B56 /* View */,
				E139936D1A4974CF008E3B56 /* Controller */,
				E139936B1A497432008E3B56 /* Model */,
				E13993491A4971F8008E3B56 /* AppDelegate.h */,
				E139934A1A4971F8008E3B56 /* AppDelegate.m */,
				E13993521A4971F8008E3B56 /* Images.xcassets */,
				E13993451A4971F8008E3B56 /* Supporting Files */,
				374B95361C3A8D4600742442 /* EventDefine.h */,
			);
			path = 116;
			sourceTree = "<group>";
		};
		E13993451A4971F8008E3B56 /* Supporting Files */ = {
			isa = PBXGroup;
			children = (
				E1E4F3CE1B83236D00C1FE7B /* delete-normal@2x.png */,
				E1E4F3CC1B78619500C1FE7B /* back-normal@2x.png */,
				E1E4F3C31B77537A00C1FE7B /* liukai.ttf */,
				E1E4F3C41B77537A00C1FE7B /* fangsong.ttf */,
				E1E4F3AF1B77480B00C1FE7B /* bg@2x.png */,
				E1E4F3B01B77480B00C1FE7B /* dangqianxiangmu@2x.png */,
				E1E4F3B11B77480B00C1FE7B /* info-normal@2x.png */,
				E1E4F3B21B77480B00C1FE7B /* list-normal@2x.png */,
				E1E4F3B31B77480B00C1FE7B /* start-normal@2x.png */,
				E1E4F3B41B77480B00C1FE7B /* xiangmu@2x.png */,
				E1E4F3B51B77480B00C1FE7B /* yao-icon@2x.png */,
				E13993461A4971F8008E3B56 /* Info.plist */,
				E13993471A4971F8008E3B56 /* main.m */,
			);
			name = "Supporting Files";
			sourceTree = "<group>";
		};
		E139935E1A4971F8008E3B56 /* 116Tests */ = {
			isa = PBXGroup;
			children = (
				E13993611A4971F8008E3B56 /* _16Tests.m */,
				E139935F1A4971F8008E3B56 /* Supporting Files */,
			);
			path = 116Tests;
			sourceTree = "<group>";
		};
		E139935F1A4971F8008E3B56 /* Supporting Files */ = {
			isa = PBXGroup;
			children = (
				E13993601A4971F8008E3B56 /* Info.plist */,
			);
			name = "Supporting Files";
			sourceTree = "<group>";
		};
		E139936B1A497432008E3B56 /* Model */ = {
			isa = PBXGroup;
			children = (
				E13993821A49878D008E3B56 /* Item116.h */,
				E13993831A49878D008E3B56 /* Item116.m */,
				E13993851A4987E9008E3B56 /* Project116.h */,
				E13993861A4987E9008E3B56 /* Project116.m */,
				E139938B1A498A33008E3B56 /* DataCenter116.h */,
				E139938C1A498A33008E3B56 /* DataCenter116.m */,
			);
			name = Model;
			sourceTree = "<group>";
		};
		E139936D1A4974CF008E3B56 /* Controller */ = {
			isa = PBXGroup;
			children = (
				E1A2397E1ABFDB8A005A038A /* ResultViewController.h */,
				E1A2397F1ABFDB8A005A038A /* ResultViewController.m */,
				E13993E91A499D4B008E3B56 /* MainViewController.h */,
				E13993EA1A499D4B008E3B56 /* MainViewController.m */,
				E13993D21A499319008E3B56 /* ItemTableViewController.h */,
				E13993D31A499319008E3B56 /* ItemTableViewController.m */,
				E13993CF1A4992FD008E3B56 /* ProjectViewerControllerTableViewController.h */,
				E13993D01A4992FD008E3B56 /* ProjectViewerControllerTableViewController.m */,
				E13993E61A4997E3008E3B56 /* AboutViewController.h */,
				E13993E71A4997E3008E3B56 /* AboutViewController.m */,
			);
			name = Controller;
			sourceTree = "<group>";
		};
		E139936E1A4974EF008E3B56 /* View */ = {
			isa = PBXGroup;
			children = (
				E139934F1A4971F8008E3B56 /* Main.storyboard */,
				E13993541A4971F8008E3B56 /* LaunchScreen.xib */,
				E120802D1AD7F993005643AC /* CustomPush.h */,
				E120802E1AD7F993005643AC /* CustomPush.m */,
			);
			name = View;
			sourceTree = "<group>";
		};
		E13993751A498435008E3B56 /* CustomControls */ = {
			isa = PBXGroup;
			children = (
				E1E4F3C91B77A60C00C1FE7B /* UINavigationBar+customBar.h */,
				E1E4F3D01B832A9F00C1FE7B /* UITableViewCell_AddItemCell.h */,
				E1E4F3D11B832A9F00C1FE7B /* UITableViewCell_AddItemCell.m */,
				E1E4F3CA1B77A60C00C1FE7B /* UINavigationBar+customBar.m */,
				E1E4F3BD1B7748C400C1FE7B /* SMPageControl.h */,
				E1E4F3BE1B7748C400C1FE7B /* SMPageControl.m */,
				E13993761A4985BB008E3B56 /* UITableViewCell_ContainSwitcher.h */,
				E13993771A4985BB008E3B56 /* UITableViewCell_ContainSwitcher.m */,
				E13993791A498664008E3B56 /* UITableViewCell_ContainRemover.h */,
				E139937A1A498664008E3B56 /* UITableViewCell_ContainRemover.m */,
				E139937C1A4986A5008E3B56 /* UITableViewCell_ContainRemover_116Project.h */,
				E139937D1A4986A5008E3B56 /* UITableViewCell_ContainRemover_116Project.m */,
				E139937F1A4986DA008E3B56 /* UITableViewCell_ContainRemover_116Item.h */,
				E13993801A4986DA008E3B56 /* UITableViewCell_ContainRemover_116Item.m */,
				E193A3F31A4D3ECC009B964E /* UITableViewCell_ContainRemover2.h */,
				E193A3F41A4D3ECC009B964E /* UITableViewCell_ContainRemover2.m */,
				E1E4F3C01B774F1700C1FE7B /* MainProjectView.h */,
				E1E4F3C11B774F1700C1FE7B /* MainProjectView.m */,
			);
			name = CustomControls;
			sourceTree = "<group>";
		};
		E142627E1ACD133800BFD16E /* Utils */ = {
			isa = PBXGroup;
			children = (
				374B95371C3B5E8700742442 /* Observer.h */,
				374B95381C3B5E8700742442 /* Observer.m */,
				E142627F1ACD135900BFD16E /* Utils116.h */,
				E14262801ACD135900BFD16E /* Utils116.m */,
			);
			name = Utils;
			sourceTree = "<group>";
		};
		E14262821ACD378300BFD16E /* Scene */ = {
			isa = PBXGroup;
			children = (
				E12080231AD64DD4005643AC /* Steps */,
				E1A2398C1ABFF5CE005A038A /* Shader.fsh */,
				E1A2398D1ABFF5CE005A038A /* Shader.vsh */,
				E1A239841ABFEA38005A038A /* RippleModel.h */,
				E1A239851ABFEA38005A038A /* RippleModel.m */,
				E14262781ACD063B00BFD16E /* 116TextDrawelement.h */,
				E14262791ACD063B00BFD16E /* 116TextDrawelement.m */,
				E142627B1ACD076200BFD16E /* 116TextDrawingStep.h */,
				E142627C1ACD076200BFD16E /* 116TextDrawingStep.m */,
				E14262CD1ACD388B00BFD16E /* RenderScene.h */,
				E14262CE1ACD388B00BFD16E /* RenderScene.m */,
			);
			name = Scene;
			sourceTree = "<group>";
		};
/* End PBXGroup section */

/* Begin PBXNativeTarget section */
		E13993411A4971F8008E3B56 /* 116 */ = {
			isa = PBXNativeTarget;
			buildConfigurationList = E13993651A4971F8008E3B56 /* Build configuration list for PBXNativeTarget "116" */;
			buildPhases = (
				E139933E1A4971F8008E3B56 /* Sources */,
				E139933F1A4971F8008E3B56 /* Frameworks */,
				E13993401A4971F8008E3B56 /* Resources */,
			);
			buildRules = (
			);
			dependencies = (
			);
			name = 116;
			productName = 116;
			productReference = E13993421A4971F8008E3B56 /* 116.app */;
			productType = "com.apple.product-type.application";
		};
		E139935A1A4971F8008E3B56 /* 116Tests */ = {
			isa = PBXNativeTarget;
			buildConfigurationList = E13993681A4971F8008E3B56 /* Build configuration list for PBXNativeTarget "116Tests" */;
			buildPhases = (
				E13993571A4971F8008E3B56 /* Sources */,
				E13993581A4971F8008E3B56 /* Frameworks */,
				E13993591A4971F8008E3B56 /* Resources */,
			);
			buildRules = (
			);
			dependencies = (
				E139935D1A4971F8008E3B56 /* PBXTargetDependency */,
			);
			name = 116Tests;
			productName = 116Tests;
			productReference = E139935B1A4971F8008E3B56 /* 116Tests.xctest */;
			productType = "com.apple.product-type.bundle.unit-test";
		};
/* End PBXNativeTarget section */

/* Begin PBXProject section */
		E139933A1A4971F8008E3B56 /* Project object */ = {
			isa = PBXProject;
			attributes = {
				LastUpgradeCheck = 0710;
				ORGANIZATIONNAME = baidu;
				TargetAttributes = {
					E13993411A4971F8008E3B56 = {
						CreatedOnToolsVersion = 6.1.1;
						DevelopmentTeam = MJWRGMSBYF;
					};
					E139935A1A4971F8008E3B56 = {
						CreatedOnToolsVersion = 6.1.1;
						TestTargetID = E13993411A4971F8008E3B56;
					};
				};
			};
			buildConfigurationList = E139933D1A4971F8008E3B56 /* Build configuration list for PBXProject "116" */;
			compatibilityVersion = "Xcode 3.2";
			developmentRegion = English;
			hasScannedForEncodings = 0;
			knownRegions = (
				en,
				Base,
			);
			mainGroup = E13993391A4971F8008E3B56;
			productRefGroup = E13993431A4971F8008E3B56 /* Products */;
			projectDirPath = "";
			projectRoot = "";
			targets = (
				E13993411A4971F8008E3B56 /* 116 */,
				E139935A1A4971F8008E3B56 /* 116Tests */,
			);
		};
/* End PBXProject section */

/* Begin PBXResourcesBuildPhase section */
		E13993401A4971F8008E3B56 /* Resources */ = {
			isa = PBXResourcesBuildPhase;
			buildActionMask = 2147483647;
			files = (
				E13993511A4971F8008E3B56 /* Main.storyboard in Resources */,
				E1E4F3B81B77480B00C1FE7B /* info-normal@2x.png in Resources */,
				E1E4F3BA1B77480B00C1FE7B /* start-normal@2x.png in Resources */,
				69043E421B652FB400F85506 /* back-press@2x.png in Resources */,
				E1E4F3B71B77480B00C1FE7B /* dangqianxiangmu@2x.png in Resources */,
				E1E4F3B61B77480B00C1FE7B /* bg@2x.png in Resources */,
				E1A2398F1ABFF5CE005A038A /* Shader.vsh in Resources */,
				37A9AECF1BA6C2E900259D60 /* again-press@2x.png in Resources */,
				6953C94F1B5FF9C800E25D3B /* about_studio.png in Resources */,
				E1E4F3B91B77480B00C1FE7B /* list-normal@2x.png in Resources */,
				37A9AECA1B941E3600259D60 /* info-normal@2x.png in Resources */,
				6953C9511B5FF9E100E25D3B /* bg@2x.png in Resources */,
				E1E4F3BC1B77480B00C1FE7B /* yao-icon@2x.png in Resources */,
				E1E4F3BB1B77480B00C1FE7B /* xiangmu@2x.png in Resources */,
				E13993561A4971F8008E3B56 /* LaunchScreen.xib in Resources */,
				37A9AECE1BA6C2E900259D60 /* again-normal@2x.png in Resources */,
				E1E4F3CD1B78619500C1FE7B /* back-normal@2x.png in Resources */,
				6953C94D1B5FF9C800E25D3B /* about_logo.png in Resources */,
				E1E4F3C51B77537A00C1FE7B /* liukai.ttf in Resources */,
				E13993531A4971F8008E3B56 /* Images.xcassets in Resources */,
				6953C94E1B5FF9C800E25D3B /* about_separator_line.png in Resources */,
				E1E4F3C61B77537A00C1FE7B /* fangsong.ttf in Resources */,
				69043E411B652FB400F85506 /* back-normal@2x.png in Resources */,
				E1E4F3CF1B83236D00C1FE7B /* delete-normal@2x.png in Resources */,
				E1A2398E1ABFF5CE005A038A /* Shader.fsh in Resources */,
			);
			runOnlyForDeploymentPostprocessing = 0;
		};
		E13993591A4971F8008E3B56 /* Resources */ = {
			isa = PBXResourcesBuildPhase;
			buildActionMask = 2147483647;
			files = (
			);
			runOnlyForDeploymentPostprocessing = 0;
		};
/* End PBXResourcesBuildPhase section */

/* Begin PBXSourcesBuildPhase section */
		E139933E1A4971F8008E3B56 /* Sources */ = {
			isa = PBXSourcesBuildPhase;
			buildActionMask = 2147483647;
			files = (
				E1E4F3C71B77539700C1FE7B /* liukai.ttf in Sources */,
				E1E4F3C81B77539700C1FE7B /* fangsong.ttf in Sources */,
				E139937E1A4986A5008E3B56 /* UITableViewCell_ContainRemover_116Project.m in Sources */,
				E14262811ACD135900BFD16E /* Utils116.m in Sources */,
				37EA94B71BF9B2C50085844C /* VerticalWriteLabel.m in Sources */,
				E139934B1A4971F8008E3B56 /* AppDelegate.m in Sources */,
				E13993841A49878D008E3B56 /* Item116.m in Sources */,
				E142627D1ACD076200BFD16E /* 116TextDrawingStep.m in Sources */,
				E13993D11A4992FD008E3B56 /* ProjectViewerControllerTableViewController.m in Sources */,
				E193A3F51A4D3ECC009B964E /* UITableViewCell_ContainRemover2.m in Sources */,
				E12080221AD64DCD005643AC /* StepsProjectName.m in Sources */,
				E13993811A4986DA008E3B56 /* UITableViewCell_ContainRemover_116Item.m in Sources */,
				37BE649C1BA95650001FD007 /* NSString+VerticalNSString.m in Sources */,
				E139938D1A498A33008E3B56 /* DataCenter116.m in Sources */,
				E1E4F3CB1B77A60C00C1FE7B /* UINavigationBar+customBar.m in Sources */,
				E13993481A4971F8008E3B56 /* main.m in Sources */,
				371E27C51C181634001D1852 /* NSMutableArray+RandomArray.m in Sources */,
				E14262CF1ACD388B00BFD16E /* RenderScene.m in Sources */,
				E1E4F3D21B832A9F00C1FE7B /* UITableViewCell_AddItemCell.m in Sources */,
				E1A239801ABFDB8A005A038A /* ResultViewController.m in Sources */,
				373295521C152EB600B7C6AE /* ItemLayerEx.m in Sources */,
				E1A239861ABFEA38005A038A /* RippleModel.m in Sources */,
				E12080291AD64F18005643AC /* StepsItem2.m in Sources */,
				E12080261AD64EAD005643AC /* StepsItem1.m in Sources */,
				E1E4F3C21B774F1700C1FE7B /* MainProjectView.m in Sources */,
				E142627A1ACD063B00BFD16E /* 116TextDrawelement.m in Sources */,
				E13993781A4985BB008E3B56 /* UITableViewCell_ContainSwitcher.m in Sources */,
				E1E4F3BF1B7748C400C1FE7B /* SMPageControl.m in Sources */,
				E139937B1A498664008E3B56 /* UITableViewCell_ContainRemover.m in Sources */,
				E120802F1AD7F993005643AC /* CustomPush.m in Sources */,
				E120802C1AD64F3C005643AC /* StepsItem3.m in Sources */,
				E13993E81A4997E3008E3B56 /* AboutViewController.m in Sources */,
				E13993D41A499319008E3B56 /* ItemTableViewController.m in Sources */,
				3716DEE51C28027900960871 /* LayerBuilder.m in Sources */,
				37EDEF871BF04FE300717E0E /* ItemLayer.m in Sources */,
				E13993EB1A499D4B008E3B56 /* MainViewController.m in Sources */,
				E13993871A4987E9008E3B56 /* Project116.m in Sources */,
				374B95391C3B5E8700742442 /* Observer.m in Sources */,
			);
			runOnlyForDeploymentPostprocessing = 0;
		};
		E13993571A4971F8008E3B56 /* Sources */ = {
			isa = PBXSourcesBuildPhase;
			buildActionMask = 2147483647;
			files = (
				E13993621A4971F8008E3B56 /* _16Tests.m in Sources */,
			);
			runOnlyForDeploymentPostprocessing = 0;
		};
/* End PBXSourcesBuildPhase section */

/* Begin PBXTargetDependency section */
		E139935D1A4971F8008E3B56 /* PBXTargetDependency */ = {
			isa = PBXTargetDependency;
			target = E13993411A4971F8008E3B56 /* 116 */;
			targetProxy = E139935C1A4971F8008E3B56 /* PBXContainerItemProxy */;
		};
/* End PBXTargetDependency section */

/* Begin PBXVariantGroup section */
		E139934F1A4971F8008E3B56 /* Main.storyboard */ = {
			isa = PBXVariantGroup;
			children = (
				E13993501A4971F8008E3B56 /* Base */,
			);
			name = Main.storyboard;
			sourceTree = "<group>";
		};
		E13993541A4971F8008E3B56 /* LaunchScreen.xib */ = {
			isa = PBXVariantGroup;
			children = (
				E13993551A4971F8008E3B56 /* Base */,
			);
			name = LaunchScreen.xib;
			sourceTree = "<group>";
		};
/* End PBXVariantGroup section */

/* Begin XCBuildConfiguration section */
		E13993631A4971F8008E3B56 /* Debug */ = {
			isa = XCBuildConfiguration;
			buildSettings = {
				ALWAYS_SEARCH_USER_PATHS = NO;
				CLANG_CXX_LANGUAGE_STANDARD = "gnu++0x";
				CLANG_CXX_LIBRARY = "libc++";
				CLANG_ENABLE_MODULES = YES;
				CLANG_ENABLE_OBJC_ARC = YES;
				CLANG_WARN_BOOL_CONVERSION = YES;
				CLANG_WARN_CONSTANT_CONVERSION = YES;
				CLANG_WARN_DIRECT_OBJC_ISA_USAGE = YES_ERROR;
				CLANG_WARN_EMPTY_BODY = YES;
				CLANG_WARN_ENUM_CONVERSION = YES;
				CLANG_WARN_INT_CONVERSION = YES;
				CLANG_WARN_OBJC_ROOT_CLASS = YES_ERROR;
				CLANG_WARN_UNREACHABLE_CODE = YES;
				CLANG_WARN__DUPLICATE_METHOD_MATCH = YES;
				"CODE_SIGN_IDENTITY[sdk=iphoneos*]" = "iPhone Developer";
				COPY_PHASE_STRIP = NO;
				ENABLE_STRICT_OBJC_MSGSEND = YES;
				ENABLE_TESTABILITY = YES;
				GCC_C_LANGUAGE_STANDARD = gnu99;
				GCC_DYNAMIC_NO_PIC = NO;
				GCC_OPTIMIZATION_LEVEL = 0;
				GCC_PREPROCESSOR_DEFINITIONS = (
					"DEBUG=1",
					"$(inherited)",
				);
				GCC_SYMBOLS_PRIVATE_EXTERN = NO;
				GCC_WARN_64_TO_32_BIT_CONVERSION = YES;
				GCC_WARN_ABOUT_RETURN_TYPE = YES_ERROR;
				GCC_WARN_UNDECLARED_SELECTOR = YES;
				GCC_WARN_UNINITIALIZED_AUTOS = YES_AGGRESSIVE;
				GCC_WARN_UNUSED_FUNCTION = YES;
				GCC_WARN_UNUSED_VARIABLE = YES;
				IPHONEOS_DEPLOYMENT_TARGET = 8.1;
				MTL_ENABLE_DEBUG_INFO = YES;
				ONLY_ACTIVE_ARCH = YES;
				SDKROOT = iphoneos;
				TARGETED_DEVICE_FAMILY = "1,2";
			};
			name = Debug;
		};
		E13993641A4971F8008E3B56 /* Release */ = {
			isa = XCBuildConfiguration;
			buildSettings = {
				ALWAYS_SEARCH_USER_PATHS = NO;
				CLANG_CXX_LANGUAGE_STANDARD = "gnu++0x";
				CLANG_CXX_LIBRARY = "libc++";
				CLANG_ENABLE_MODULES = YES;
				CLANG_ENABLE_OBJC_ARC = YES;
				CLANG_WARN_BOOL_CONVERSION = YES;
				CLANG_WARN_CONSTANT_CONVERSION = YES;
				CLANG_WARN_DIRECT_OBJC_ISA_USAGE = YES_ERROR;
				CLANG_WARN_EMPTY_BODY = YES;
				CLANG_WARN_ENUM_CONVERSION = YES;
				CLANG_WARN_INT_CONVERSION = YES;
				CLANG_WARN_OBJC_ROOT_CLASS = YES_ERROR;
				CLANG_WARN_UNREACHABLE_CODE = YES;
				CLANG_WARN__DUPLICATE_METHOD_MATCH = YES;
				"CODE_SIGN_IDENTITY[sdk=iphoneos*]" = "iPhone Developer";
				COPY_PHASE_STRIP = YES;
				ENABLE_NS_ASSERTIONS = NO;
				ENABLE_STRICT_OBJC_MSGSEND = YES;
				GCC_C_LANGUAGE_STANDARD = gnu99;
				GCC_WARN_64_TO_32_BIT_CONVERSION = YES;
				GCC_WARN_ABOUT_RETURN_TYPE = YES_ERROR;
				GCC_WARN_UNDECLARED_SELECTOR = YES;
				GCC_WARN_UNINITIALIZED_AUTOS = YES_AGGRESSIVE;
				GCC_WARN_UNUSED_FUNCTION = YES;
				GCC_WARN_UNUSED_VARIABLE = YES;
				IPHONEOS_DEPLOYMENT_TARGET = 8.1;
				MTL_ENABLE_DEBUG_INFO = NO;
				SDKROOT = iphoneos;
				TARGETED_DEVICE_FAMILY = "1,2";
				VALIDATE_PRODUCT = YES;
			};
			name = Release;
		};
		E13993661A4971F8008E3B56 /* Debug */ = {
			isa = XCBuildConfiguration;
			buildSettings = {
				ASSETCATALOG_COMPILER_APPICON_NAME = AppIcon;
				CODE_SIGN_IDENTITY = "iPhone Developer";
				"CODE_SIGN_IDENTITY[sdk=iphoneos*]" = "iPhone Developer";
				INFOPLIST_FILE = 116/Info.plist;
				IPHONEOS_DEPLOYMENT_TARGET = 9.1;
				LD_RUNPATH_SEARCH_PATHS = "$(inherited) @executable_path/Frameworks";
				PRODUCT_BUNDLE_IDENTIFIER = "com.baidu.116.$(PRODUCT_NAME:rfc1034identifier)";
				PRODUCT_NAME = "$(TARGET_NAME)";
				PROVISIONING_PROFILE = "";
				TARGETED_DEVICE_FAMILY = 1;
			};
			name = Debug;
		};
		E13993671A4971F8008E3B56 /* Release */ = {
			isa = XCBuildConfiguration;
			buildSettings = {
				ASSETCATALOG_COMPILER_APPICON_NAME = AppIcon;
				CODE_SIGN_IDENTITY = "iPhone Developer";
				"CODE_SIGN_IDENTITY[sdk=iphoneos*]" = "iPhone Developer";
				INFOPLIST_FILE = 116/Info.plist;
				IPHONEOS_DEPLOYMENT_TARGET = 9.1;
				LD_RUNPATH_SEARCH_PATHS = "$(inherited) @executable_path/Frameworks";
				PRODUCT_BUNDLE_IDENTIFIER = "com.baidu.116.$(PRODUCT_NAME:rfc1034identifier)";
				PRODUCT_NAME = "$(TARGET_NAME)";
				PROVISIONING_PROFILE = "";
				TARGETED_DEVICE_FAMILY = 1;
			};
			name = Release;
		};
		E13993691A4971F8008E3B56 /* Debug */ = {
			isa = XCBuildConfiguration;
			buildSettings = {
				BUNDLE_LOADER = "$(TEST_HOST)";
				FRAMEWORK_SEARCH_PATHS = (
					"$(SDKROOT)/Developer/Library/Frameworks",
					"$(inherited)",
				);
				GCC_PREPROCESSOR_DEFINITIONS = (
					"DEBUG=1",
					"$(inherited)",
				);
				INFOPLIST_FILE = 116Tests/Info.plist;
				LD_RUNPATH_SEARCH_PATHS = "$(inherited) @executable_path/Frameworks @loader_path/Frameworks";
				PRODUCT_BUNDLE_IDENTIFIER = "com.baidu.116.$(PRODUCT_NAME:rfc1034identifier)";
				PRODUCT_NAME = "$(TARGET_NAME)";
				TEST_HOST = "$(BUILT_PRODUCTS_DIR)/116.app/116";
			};
			name = Debug;
		};
		E139936A1A4971F8008E3B56 /* Release */ = {
			isa = XCBuildConfiguration;
			buildSettings = {
				BUNDLE_LOADER = "$(TEST_HOST)";
				FRAMEWORK_SEARCH_PATHS = (
					"$(SDKROOT)/Developer/Library/Frameworks",
					"$(inherited)",
				);
				INFOPLIST_FILE = 116Tests/Info.plist;
				LD_RUNPATH_SEARCH_PATHS = "$(inherited) @executable_path/Frameworks @loader_path/Frameworks";
				PRODUCT_BUNDLE_IDENTIFIER = "com.baidu.116.$(PRODUCT_NAME:rfc1034identifier)";
				PRODUCT_NAME = "$(TARGET_NAME)";
				TEST_HOST = "$(BUILT_PRODUCTS_DIR)/116.app/116";
			};
			name = Release;
		};
/* End XCBuildConfiguration section */

/* Begin XCConfigurationList section */
		E139933D1A4971F8008E3B56 /* Build configuration list for PBXProject "116" */ = {
			isa = XCConfigurationList;
			buildConfigurations = (
				E13993631A4971F8008E3B56 /* Debug */,
				E13993641A4971F8008E3B56 /* Release */,
			);
			defaultConfigurationIsVisible = 0;
			defaultConfigurationName = Release;
		};
		E13993651A4971F8008E3B56 /* Build configuration list for PBXNativeTarget "116" */ = {
			isa = XCConfigurationList;
			buildConfigurations = (
				E13993661A4971F8008E3B56 /* Debug */,
				E13993671A4971F8008E3B56 /* Release */,
			);
			defaultConfigurationIsVisible = 0;
			defaultConfigurationName = Release;
		};
		E13993681A4971F8008E3B56 /* Build configuration list for PBXNativeTarget "116Tests" */ = {
			isa = XCConfigurationList;
			buildConfigurations = (
				E13993691A4971F8008E3B56 /* Debug */,
				E139936A1A4971F8008E3B56 /* Release */,
			);
			defaultConfigurationIsVisible = 0;
			defaultConfigurationName = Release;
		};
/* End XCConfigurationList section */
	};
	rootObject = E139933A1A4971F8008E3B56 /* Project object */;
}
